{
    "_meta": {
        "hash": {
            "sha256": "faa171b28db14c48de553cbe456de72ef20b93309aadf3bdda17d2f35588d14e"
        },
        "pipfile-spec": 6,
        "requires": {
            "python_full_version": "3.7.3",
            "python_version": "3.7"
        },
        "sources": [
            {
                "name": "pypi",
                "url": "https://pypi.org/simple",
                "verify_ssl": true
            }
        ]
    },
    "default": {
        "epevermodbus": {
            "hashes": [
                "sha256:e75fb660db0d680a27fbf94f81cd503af3d0a2c44c827e39c1340fc7608738fe"
            ],
            "index": "pypi",
            "version": "==0.0.13"
        },
        "minimalmodbus": {
            "hashes": [
                "sha256:6b8ad7e52d98fff9912d6a90fdc021138750e281b0c2a8a5563ec8902d849538",
                "sha256:cf873a2530be3f4b86467c3e4d47b5f69fd345d47451baca4adbf59e2ac36d00"
            ],
            "markers": "python_version >= '3.6'",
            "version": "==2.0.1"
        },
        "paho-mqtt": {
            "hashes": [
                "sha256:2a8291c81623aec00372b5a85558a372c747cbca8e9934dfe218638b8eefc26f"
            ],
            "index": "pypi",
            "version": "==1.6.1"
        },
        "persist-queue": {
            "hashes": [
                "sha256:bdaa4dcfc4b20a9ce1f5cb6da3116b6cb8fe37527d991fd242856ef2cccd218e",
                "sha256:d0ce1798b457fc233973efe7c262eb5e80642bebe0c05abbe5611ee223511d5f"
            ],
            "index": "pypi",
            "version": "==0.8.0"
        },
        "pyserial": {
            "hashes": [
                "sha256:3c77e014170dfffbd816e6ffc205e9842efb10be9f58ec16d3e8675b4925cddb",
                "sha256:c4451db6ba391ca6ca299fb3ec7bae67a5c55dde170964c7a14ceefec02f2cf0"
            ],
            "version": "==3.5"
        },
        "python-decouple": {
            "hashes": [
                "sha256:2838cdf77a5cf127d7e8b339ce14c25bceb3af3e674e039d4901ba16359968c7",
                "sha256:6cf502dc963a5c642ea5ead069847df3d916a6420cad5599185de6bab11d8c2e"
            ],
            "index": "pypi",
            "version": "==3.6"
        },
        "retrying": {
            "hashes": [
                "sha256:08c039560a6da2fe4f2c426d0766e284d3b736e355f8dd24b37367b0bb41973b"
            ],
            "version": "==1.3.3"
        },
        "six": {
            "hashes": [
                "sha256:1e61c37477a1626458e36f7b1d82aa5c9b094fa4802892072e49de9c60c4c926",
                "sha256:8abb2f1d86890a2dfb989f9a77cfcfd3e47c2a354b01111771326f8aa26e0254"
            ],
            "markers": "python_version >= '2.7' and python_version not in '3.0, 3.1, 3.2, 3.3'",
            "version": "==1.16.0"
        }
    },
    "develop": {}
}
